
Microsoft Visual Studio Solution File, Format Version 12.00
# Visual Studio Version 17
VisualStudioVersion = 17.8.34601.278
MinimumVisualStudioVersion = 10.0.40219.1
Project("{FAE04EC0-301F-11D3-BF4B-00C04F79EFBC}") = "ExcelBD_Assignment", "ExcelBD_Assignment\ExcelBD_Assignment.csproj", "{827AA9BE-E482-47B1-A256-8F3D4C2F1556}"
EndProject
Project("{FAE04EC0-301F-11D3-BF4B-00C04F79EFBC}") = "ExelBD_Shared", "ExelBD_Shared\ExelBD_Shared.csproj", "{3D6F9DBF-6E47-4B90-A649-F7600C462920}"
EndProject
Project("{FAE04EC0-301F-11D3-BF4B-00C04F79EFBC}") = "ExcelBD_API", "ExcelBD_API\ExcelBD_API.csproj", "{193ECBE4-F424-4E0B-8A01-6798E8C3B74E}"
EndProject
Project("{2150E333-8FDC-42A3-9474-1A3956D46DE8}") = "Solution Items", "Solution Items", "{4B8A3A4C-DFE4-4CD8-9971-2E03B7441C46}"
	ProjectSection(SolutionItems) = preProject
		.editorconfig = .editorconfig
	EndProjectSection
EndProject
Global
	GlobalSection(SolutionConfigurationPlatforms) = preSolution
		Debug|Any CPU = Debug|Any CPU
		Release|Any CPU = Release|Any CPU
	EndGlobalSection
	GlobalSection(ProjectConfigurationPlatforms) = postSolution
		{827AA9BE-E482-47B1-A256-8F3D4C2F1556}.Debug|Any CPU.ActiveCfg = Debug|Any CPU
		{827AA9BE-E482-47B1-A256-8F3D4C2F1556}.Debug|Any CPU.Build.0 = Debug|Any CPU
		{827AA9BE-E482-47B1-A256-8F3D4C2F1556}.Release|Any CPU.ActiveCfg = Release|Any CPU
		{827AA9BE-E482-47B1-A256-8F3D4C2F1556}.Release|Any CPU.Build.0 = Release|Any CPU
		{3D6F9DBF-6E47-4B90-A649-F7600C462920}.Debug|Any CPU.ActiveCfg = Debug|Any CPU
		{3D6F9DBF-6E47-4B90-A649-F7600C462920}.Debug|Any CPU.Build.0 = Debug|Any CPU
		{3D6F9DBF-6E47-4B90-A649-F7600C462920}.Release|Any CPU.ActiveCfg = Release|Any CPU
		{3D6F9DBF-6E47-4B90-A649-F7600C462920}.Release|Any CPU.Build.0 = Release|Any CPU
		{193ECBE4-F424-4E0B-8A01-6798E8C3B74E}.Debug|Any CPU.ActiveCfg = Debug|Any CPU
		{193ECBE4-F424-4E0B-8A01-6798E8C3B74E}.Debug|Any CPU.Build.0 = Debug|Any CPU
		{193ECBE4-F424-4E0B-8A01-6798E8C3B74E}.Release|Any CPU.ActiveCfg = Release|Any CPU
		{193ECBE4-F424-4E0B-8A01-6798E8C3B74E}.Release|Any CPU.Build.0 = Release|Any CPU
	EndGlobalSection
	GlobalSection(SolutionProperties) = preSolution
		HideSolutionNode = FALSE
	EndGlobalSection
	GlobalSection(ExtensibilityGlobals) = postSolution
		SolutionGuid = {6158F203-EE39-4446-9816-1BD6DACC7071}
	EndGlobalSection
EndGlobal
